PODS:
  - Alamofire (5.5.0)
  - KeychainSwift (20.0.0)
  - Kingfisher (7.2.0)
  - Realm (10.24.1):
    - Realm/Headers (= 10.24.1)
  - Realm/Headers (10.24.1)
  - RealmSwift (10.24.1):
    - Realm (= 10.24.1)
  - SwiftyJSON (5.0.1)

DEPENDENCIES:
  - Alamofire
  - KeychainSwift
  - Kingfisher
  - RealmSwift
  - SwiftyJSON

SPEC REPOS:
  trunk:
    - Alamofire
    - KeychainSwift
    - Kingfisher
    - Realm
    - RealmSwift
    - SwiftyJSON

SPEC CHECKSUMS:
  Alamofire: 1c4fb5369c3fe93d2857c780d8bbe09f06f97e7c
  KeychainSwift: 0ce6a4d13f7228054d1a71bb1b500448fb2ab837
  Kingfisher: 3ac0b75b155cabc0e544877d1a4deea29feece92
  Realm: f9bc5a212a9ab084b4ed90cda1c28d835a38a06b
  RealmSwift: 0b03bb38001bee4280dcc27709e6b33f438cfad1
  SwiftyJSON: 2f33a42c6fbc52764d96f13368585094bfd8aa5e

PODFILE CHECKSUM: 1e2d0670ce9a367b868c7123637d7839a780ce3d

COCOAPODS: 1.11.2
